
Microsoft Visual Studio Solution File, Format Version 12.00
# Visual Studio Version 17
VisualStudioVersion = 17.2.32630.192
MinimumVisualStudioVersion = 10.0.40219.1
Project("{FAE04EC0-301F-11D3-BF4B-00C04F79EFBC}") = "NewsAppAPI", "NewsAppAPI\NewsAppAPI.csproj", "{C89A4AE7-C16E-44FB-BB94-BFD77B4DAE88}"
EndProject
Global
	GlobalSection(SolutionConfigurationPlatforms) = preSolution
		Debug|Any CPU = Debug|Any CPU
		Release|Any CPU = Release|Any CPU
	EndGlobalSection
	GlobalSection(ProjectConfigurationPlatforms) = postSolution
		{C89A4AE7-C16E-44FB-BB94-BFD77B4DAE88}.Debug|Any CPU.ActiveCfg = Debug|Any CPU
		{C89A4AE7-C16E-44FB-BB94-BFD77B4DAE88}.Debug|Any CPU.Build.0 = Debug|Any CPU
		{C89A4AE7-C16E-44FB-BB94-BFD77B4DAE88}.Release|Any CPU.ActiveCfg = Release|Any CPU
		{C89A4AE7-C16E-44FB-BB94-BFD77B4DAE88}.Release|Any CPU.Build.0 = Release|Any CPU
	EndGlobalSection
	GlobalSection(SolutionProperties) = preSolution
		HideSolutionNode = FALSE
	EndGlobalSection
	GlobalSection(ExtensibilityGlobals) = postSolution
		SolutionGuid = {8E0EF4F8-9C69-4D60-B986-2CF696ECF338}
	EndGlobalSection
EndGlobal
