
Microsoft Visual Studio Solution File, Format Version 12.00
# Visual Studio Version 17
VisualStudioVersion = 17.2.32630.192
MinimumVisualStudioVersion = 10.0.40219.1
Project("{9A19103F-16F7-4668-BE54-9A1E7A4F7556}") = "API", "API\API.csproj", "{54A236D1-8F38-4910-B6C0-D458086CECB7}"
EndProject
Project("{FAE04EC0-301F-11D3-BF4B-00C04F79EFBC}") = "DALayer", "DALayer\DALayer.csproj", "{5FA989B4-7869-4DF4-B4AB-08905CD890FD}"
EndProject
Project("{FAE04EC0-301F-11D3-BF4B-00C04F79EFBC}") = "BLLayer", "BLLayer\BLLayer.csproj", "{19ECBB4F-1C74-4178-8C79-9AF0E4B1777E}"
EndProject
Global
	GlobalSection(SolutionConfigurationPlatforms) = preSolution
		Debug|Any CPU = Debug|Any CPU
		Release|Any CPU = Release|Any CPU
	EndGlobalSection
	GlobalSection(ProjectConfigurationPlatforms) = postSolution
		{54A236D1-8F38-4910-B6C0-D458086CECB7}.Debug|Any CPU.ActiveCfg = Debug|Any CPU
		{54A236D1-8F38-4910-B6C0-D458086CECB7}.Debug|Any CPU.Build.0 = Debug|Any CPU
		{54A236D1-8F38-4910-B6C0-D458086CECB7}.Release|Any CPU.ActiveCfg = Release|Any CPU
		{54A236D1-8F38-4910-B6C0-D458086CECB7}.Release|Any CPU.Build.0 = Release|Any CPU
		{5FA989B4-7869-4DF4-B4AB-08905CD890FD}.Debug|Any CPU.ActiveCfg = Debug|Any CPU
		{5FA989B4-7869-4DF4-B4AB-08905CD890FD}.Debug|Any CPU.Build.0 = Debug|Any CPU
		{5FA989B4-7869-4DF4-B4AB-08905CD890FD}.Release|Any CPU.ActiveCfg = Release|Any CPU
		{5FA989B4-7869-4DF4-B4AB-08905CD890FD}.Release|Any CPU.Build.0 = Release|Any CPU
		{19ECBB4F-1C74-4178-8C79-9AF0E4B1777E}.Debug|Any CPU.ActiveCfg = Debug|Any CPU
		{19ECBB4F-1C74-4178-8C79-9AF0E4B1777E}.Debug|Any CPU.Build.0 = Debug|Any CPU
		{19ECBB4F-1C74-4178-8C79-9AF0E4B1777E}.Release|Any CPU.ActiveCfg = Release|Any CPU
		{19ECBB4F-1C74-4178-8C79-9AF0E4B1777E}.Release|Any CPU.Build.0 = Release|Any CPU
	EndGlobalSection
	GlobalSection(SolutionProperties) = preSolution
		HideSolutionNode = FALSE
	EndGlobalSection
	GlobalSection(ExtensibilityGlobals) = postSolution
		SolutionGuid = {8AD302B2-D838-4427-AB11-FFA8E92A06FE}
	EndGlobalSection
EndGlobal
